
Microsoft Visual Studio Solution File, Format Version 12.00
# Visual Studio Version 16
VisualStudioVersion = 16.0.31129.286
MinimumVisualStudioVersion = 10.0.40219.1
Project("{FAE04EC0-301F-11D3-BF4B-00C04F79EFBC}") = "Application", "src\Application\Application.csproj", "{CC587A77-C736-44EF-9988-C7B4539CF1B9}"
EndProject
Project("{FAE04EC0-301F-11D3-BF4B-00C04F79EFBC}") = "Infrastructure", "src\Infrastructure\Infrastructure.csproj", "{10B49D1E-7905-4BEE-93A2-310B522016A8}"
EndProject
Project("{FAE04EC0-301F-11D3-BF4B-00C04F79EFBC}") = "Domain", "src\Domain\Domain.csproj", "{580C8082-4D22-4031-B9BB-9E6AC356B4B5}"
EndProject
Project("{FAE04EC0-301F-11D3-BF4B-00C04F79EFBC}") = "API", "src\API\API.csproj", "{E4A9D0AE-6183-46C0-AAA0-BA2AA92D31A2}"
EndProject
Global
	GlobalSection(SolutionConfigurationPlatforms) = preSolution
		Debug|Any CPU = Debug|Any CPU
		Release|Any CPU = Release|Any CPU
	EndGlobalSection
	GlobalSection(ProjectConfigurationPlatforms) = postSolution
		{CC587A77-C736-44EF-9988-C7B4539CF1B9}.Debug|Any CPU.ActiveCfg = Debug|Any CPU
		{CC587A77-C736-44EF-9988-C7B4539CF1B9}.Debug|Any CPU.Build.0 = Debug|Any CPU
		{CC587A77-C736-44EF-9988-C7B4539CF1B9}.Release|Any CPU.ActiveCfg = Release|Any CPU
		{CC587A77-C736-44EF-9988-C7B4539CF1B9}.Release|Any CPU.Build.0 = Release|Any CPU
		{10B49D1E-7905-4BEE-93A2-310B522016A8}.Debug|Any CPU.ActiveCfg = Debug|Any CPU
		{10B49D1E-7905-4BEE-93A2-310B522016A8}.Debug|Any CPU.Build.0 = Debug|Any CPU
		{10B49D1E-7905-4BEE-93A2-310B522016A8}.Release|Any CPU.ActiveCfg = Release|Any CPU
		{10B49D1E-7905-4BEE-93A2-310B522016A8}.Release|Any CPU.Build.0 = Release|Any CPU
		{580C8082-4D22-4031-B9BB-9E6AC356B4B5}.Debug|Any CPU.ActiveCfg = Debug|Any CPU
		{580C8082-4D22-4031-B9BB-9E6AC356B4B5}.Debug|Any CPU.Build.0 = Debug|Any CPU
		{580C8082-4D22-4031-B9BB-9E6AC356B4B5}.Release|Any CPU.ActiveCfg = Release|Any CPU
		{580C8082-4D22-4031-B9BB-9E6AC356B4B5}.Release|Any CPU.Build.0 = Release|Any CPU
		{E4A9D0AE-6183-46C0-AAA0-BA2AA92D31A2}.Debug|Any CPU.ActiveCfg = Debug|Any CPU
		{E4A9D0AE-6183-46C0-AAA0-BA2AA92D31A2}.Debug|Any CPU.Build.0 = Debug|Any CPU
		{E4A9D0AE-6183-46C0-AAA0-BA2AA92D31A2}.Release|Any CPU.ActiveCfg = Release|Any CPU
		{E4A9D0AE-6183-46C0-AAA0-BA2AA92D31A2}.Release|Any CPU.Build.0 = Release|Any CPU
	EndGlobalSection
	GlobalSection(SolutionProperties) = preSolution
		HideSolutionNode = FALSE
	EndGlobalSection
	GlobalSection(ExtensibilityGlobals) = postSolution
		SolutionGuid = {527747DA-E8F9-4278-A78A-DEF1ADF37029}
	EndGlobalSection
EndGlobal
