
Microsoft Visual Studio Solution File, Format Version 12.00
# Visual Studio Version 16
VisualStudioVersion = 16.0.31129.286
MinimumVisualStudioVersion = 10.0.40219.1
Project("{FAE04EC0-301F-11D3-BF4B-00C04F79EFBC}") = "Application", "src\Application\Application.csproj", "{CC587A77-C736-44EF-9988-C7B4539CF1B9}"
EndProject
Project("{FAE04EC0-301F-11D3-BF4B-00C04F79EFBC}") = "Infrastructure", "src\Infrastructure\Infrastructure.csproj", "{10B49D1E-7905-4BEE-93A2-310B522016A8}"
EndProject
Project("{FAE04EC0-301F-11D3-BF4B-00C04F79EFBC}") = "Domain", "src\Domain\Domain.csproj", "{580C8082-4D22-4031-B9BB-9E6AC356B4B5}"
EndProject
Project("{FAE04EC0-301F-11D3-BF4B-00C04F79EFBC}") = "API", "src\API\API.csproj", "{E4A9D0AE-6183-46C0-AAA0-BA2AA92D31A2}"
EndProject
Project("{2150E333-8FDC-42A3-9474-1A3956D46DE8}") = "Core", "Core", "{B66393A2-6D1B-4FF7-B6B7-50B7A5A5FDD1}"
EndProject
Project("{2150E333-8FDC-42A3-9474-1A3956D46DE8}") = "Infrastructure", "Infrastructure", "{71050D23-76C7-425A-A196-45B00C0ABA4F}"
EndProject
Project("{2150E333-8FDC-42A3-9474-1A3956D46DE8}") = "src", "src", "{D80C53C1-E143-4323-911A-33A7FD05D708}"
EndProject
Project("{2150E333-8FDC-42A3-9474-1A3956D46DE8}") = "tests", "tests", "{BF4CDF97-1D8F-4D25-8A78-71F4B36380E7}"
EndProject
Project("{2150E333-8FDC-42A3-9474-1A3956D46DE8}") = "Solution Items", "Solution Items", "{89256B5B-746A-4C81-89E8-9DB9BF3463E2}"
	ProjectSection(SolutionItems) = preProject
		README.md = README.md
	EndProjectSection
EndProject
Global
	GlobalSection(SolutionConfigurationPlatforms) = preSolution
		Debug|Any CPU = Debug|Any CPU
		Release|Any CPU = Release|Any CPU
	EndGlobalSection
	GlobalSection(ProjectConfigurationPlatforms) = postSolution
		{CC587A77-C736-44EF-9988-C7B4539CF1B9}.Debug|Any CPU.ActiveCfg = Debug|Any CPU
		{CC587A77-C736-44EF-9988-C7B4539CF1B9}.Debug|Any CPU.Build.0 = Debug|Any CPU
		{CC587A77-C736-44EF-9988-C7B4539CF1B9}.Release|Any CPU.ActiveCfg = Release|Any CPU
		{CC587A77-C736-44EF-9988-C7B4539CF1B9}.Release|Any CPU.Build.0 = Release|Any CPU
		{10B49D1E-7905-4BEE-93A2-310B522016A8}.Debug|Any CPU.ActiveCfg = Debug|Any CPU
		{10B49D1E-7905-4BEE-93A2-310B522016A8}.Debug|Any CPU.Build.0 = Debug|Any CPU
		{10B49D1E-7905-4BEE-93A2-310B522016A8}.Release|Any CPU.ActiveCfg = Release|Any CPU
		{10B49D1E-7905-4BEE-93A2-310B522016A8}.Release|Any CPU.Build.0 = Release|Any CPU
		{580C8082-4D22-4031-B9BB-9E6AC356B4B5}.Debug|Any CPU.ActiveCfg = Debug|Any CPU
		{580C8082-4D22-4031-B9BB-9E6AC356B4B5}.Debug|Any CPU.Build.0 = Debug|Any CPU
		{580C8082-4D22-4031-B9BB-9E6AC356B4B5}.Release|Any CPU.ActiveCfg = Release|Any CPU
		{580C8082-4D22-4031-B9BB-9E6AC356B4B5}.Release|Any CPU.Build.0 = Release|Any CPU
		{E4A9D0AE-6183-46C0-AAA0-BA2AA92D31A2}.Debug|Any CPU.ActiveCfg = Debug|Any CPU
		{E4A9D0AE-6183-46C0-AAA0-BA2AA92D31A2}.Debug|Any CPU.Build.0 = Debug|Any CPU
		{E4A9D0AE-6183-46C0-AAA0-BA2AA92D31A2}.Release|Any CPU.ActiveCfg = Release|Any CPU
		{E4A9D0AE-6183-46C0-AAA0-BA2AA92D31A2}.Release|Any CPU.Build.0 = Release|Any CPU
	EndGlobalSection
	GlobalSection(SolutionProperties) = preSolution
		HideSolutionNode = FALSE
	EndGlobalSection
	GlobalSection(NestedProjects) = preSolution
		{CC587A77-C736-44EF-9988-C7B4539CF1B9} = {B66393A2-6D1B-4FF7-B6B7-50B7A5A5FDD1}
		{10B49D1E-7905-4BEE-93A2-310B522016A8} = {71050D23-76C7-425A-A196-45B00C0ABA4F}
		{580C8082-4D22-4031-B9BB-9E6AC356B4B5} = {B66393A2-6D1B-4FF7-B6B7-50B7A5A5FDD1}
		{E4A9D0AE-6183-46C0-AAA0-BA2AA92D31A2} = {D80C53C1-E143-4323-911A-33A7FD05D708}
		{B66393A2-6D1B-4FF7-B6B7-50B7A5A5FDD1} = {D80C53C1-E143-4323-911A-33A7FD05D708}
		{71050D23-76C7-425A-A196-45B00C0ABA4F} = {D80C53C1-E143-4323-911A-33A7FD05D708}
	EndGlobalSection
	GlobalSection(ExtensibilityGlobals) = postSolution
		SolutionGuid = {527747DA-E8F9-4278-A78A-DEF1ADF37029}
	EndGlobalSection
EndGlobal
